
Microsoft Visual Studio Solution File, Format Version 12.00
# Visual Studio 14
VisualStudioVersion = 14.0.25420.1
MinimumVisualStudioVersion = 10.0.40219.1
Project("{FAE04EC0-301F-11D3-BF4B-00C04F79EFBC}") = "LogicLibrary", "LogicLibrary\LogicLibrary.csproj", "{43836689-4CC3-49C9-9008-5625CB584474}"
EndProject
Project("{FAE04EC0-301F-11D3-BF4B-00C04F79EFBC}") = "LogicLibrary.Tests", "LogicLibrary.Tests\LogicLibrary.Tests.csproj", "{2FA78CBE-6C19-4210-935E-80095432D34C}"
EndProject
Project("{FAE04EC0-301F-11D3-BF4B-00C04F79EFBC}") = "LogicConsole", "LogicConsole\LogicConsole.csproj", "{DB372F75-263D-4E37-BF67-94E4F4D3DAA8}"
EndProject
Project("{FAE04EC0-301F-11D3-BF4B-00C04F79EFBC}") = "Oscilloscope", "Oscilloscope\Oscilloscope.csproj", "{FE6B1944-9D08-4398-BD9B-E7554E60ED2E}"
EndProject
Project("{FAE04EC0-301F-11D3-BF4B-00C04F79EFBC}") = "TTLLibrary", "TTLLibrary\TTLLibrary.csproj", "{D682819F-B724-4503-9F1F-47BCEB54B675}"
EndProject
Project("{FAE04EC0-301F-11D3-BF4B-00C04F79EFBC}") = "TTLLibrary.Tests", "TTLLibrary.Tests\TTLLibrary.Tests.csproj", "{7E66DA0E-25AA-47EF-8574-4783B2A9215B}"
EndProject
Project("{FAE04EC0-301F-11D3-BF4B-00C04F79EFBC}") = "GALCircuits", "GALCircuits\GALCircuits.csproj", "{17BF09FB-2133-43F1-850E-91F562116BA9}"
EndProject
Project("{FAE04EC0-301F-11D3-BF4B-00C04F79EFBC}") = "GALCircuits.Tests", "GALCircuits.Tests\GALCircuits.Tests.csproj", "{009EF5AD-A0D2-4C26-9A44-EC13EF046D0C}"
EndProject
Project("{FAE04EC0-301F-11D3-BF4B-00C04F79EFBC}") = "MosLibrary", "MosLibrary\MosLibrary.csproj", "{690DC45C-2671-41C9-9600-0E5D98B78CBB}"
EndProject
Project("{FAE04EC0-301F-11D3-BF4B-00C04F79EFBC}") = "MosLibrary.Tests", "MosLibrary.Tests\MosLibrary.Tests.csproj", "{20A26BB8-00D5-4D77-8A48-D58817C226F5}"
EndProject
Project("{FAE04EC0-301F-11D3-BF4B-00C04F79EFBC}") = "DigitalLogicExperiments", "DigitalLogicExperiments\DigitalLogicExperiments.csproj", "{170E8C04-92EC-4BF3-856C-3F167A082FD3}"
EndProject
Project("{FAE04EC0-301F-11D3-BF4B-00C04F79EFBC}") = "DigitalLogicExperiments.Tests", "DigitalLogicExperiements.Tests\DigitalLogicExperiments.Tests.csproj", "{85FDC817-3DE7-433F-85CA-15205E7835DC}"
EndProject
Global
	GlobalSection(SolutionConfigurationPlatforms) = preSolution
		Debug|Any CPU = Debug|Any CPU
		Release|Any CPU = Release|Any CPU
	EndGlobalSection
	GlobalSection(ProjectConfigurationPlatforms) = postSolution
		{43836689-4CC3-49C9-9008-5625CB584474}.Debug|Any CPU.ActiveCfg = Debug|Any CPU
		{43836689-4CC3-49C9-9008-5625CB584474}.Debug|Any CPU.Build.0 = Debug|Any CPU
		{43836689-4CC3-49C9-9008-5625CB584474}.Release|Any CPU.ActiveCfg = Release|Any CPU
		{43836689-4CC3-49C9-9008-5625CB584474}.Release|Any CPU.Build.0 = Release|Any CPU
		{2FA78CBE-6C19-4210-935E-80095432D34C}.Debug|Any CPU.ActiveCfg = Debug|Any CPU
		{2FA78CBE-6C19-4210-935E-80095432D34C}.Debug|Any CPU.Build.0 = Debug|Any CPU
		{2FA78CBE-6C19-4210-935E-80095432D34C}.Release|Any CPU.ActiveCfg = Release|Any CPU
		{2FA78CBE-6C19-4210-935E-80095432D34C}.Release|Any CPU.Build.0 = Release|Any CPU
		{DB372F75-263D-4E37-BF67-94E4F4D3DAA8}.Debug|Any CPU.ActiveCfg = Debug|Any CPU
		{DB372F75-263D-4E37-BF67-94E4F4D3DAA8}.Debug|Any CPU.Build.0 = Debug|Any CPU
		{DB372F75-263D-4E37-BF67-94E4F4D3DAA8}.Release|Any CPU.ActiveCfg = Release|Any CPU
		{DB372F75-263D-4E37-BF67-94E4F4D3DAA8}.Release|Any CPU.Build.0 = Release|Any CPU
		{FE6B1944-9D08-4398-BD9B-E7554E60ED2E}.Debug|Any CPU.ActiveCfg = Debug|Any CPU
		{FE6B1944-9D08-4398-BD9B-E7554E60ED2E}.Debug|Any CPU.Build.0 = Debug|Any CPU
		{FE6B1944-9D08-4398-BD9B-E7554E60ED2E}.Release|Any CPU.ActiveCfg = Release|Any CPU
		{FE6B1944-9D08-4398-BD9B-E7554E60ED2E}.Release|Any CPU.Build.0 = Release|Any CPU
		{D682819F-B724-4503-9F1F-47BCEB54B675}.Debug|Any CPU.ActiveCfg = Debug|Any CPU
		{D682819F-B724-4503-9F1F-47BCEB54B675}.Debug|Any CPU.Build.0 = Debug|Any CPU
		{D682819F-B724-4503-9F1F-47BCEB54B675}.Release|Any CPU.ActiveCfg = Release|Any CPU
		{D682819F-B724-4503-9F1F-47BCEB54B675}.Release|Any CPU.Build.0 = Release|Any CPU
		{7E66DA0E-25AA-47EF-8574-4783B2A9215B}.Debug|Any CPU.ActiveCfg = Debug|Any CPU
		{7E66DA0E-25AA-47EF-8574-4783B2A9215B}.Debug|Any CPU.Build.0 = Debug|Any CPU
		{7E66DA0E-25AA-47EF-8574-4783B2A9215B}.Release|Any CPU.ActiveCfg = Release|Any CPU
		{7E66DA0E-25AA-47EF-8574-4783B2A9215B}.Release|Any CPU.Build.0 = Release|Any CPU
		{17BF09FB-2133-43F1-850E-91F562116BA9}.Debug|Any CPU.ActiveCfg = Debug|Any CPU
		{17BF09FB-2133-43F1-850E-91F562116BA9}.Debug|Any CPU.Build.0 = Debug|Any CPU
		{17BF09FB-2133-43F1-850E-91F562116BA9}.Release|Any CPU.ActiveCfg = Release|Any CPU
		{17BF09FB-2133-43F1-850E-91F562116BA9}.Release|Any CPU.Build.0 = Release|Any CPU
		{009EF5AD-A0D2-4C26-9A44-EC13EF046D0C}.Debug|Any CPU.ActiveCfg = Debug|Any CPU
		{009EF5AD-A0D2-4C26-9A44-EC13EF046D0C}.Debug|Any CPU.Build.0 = Debug|Any CPU
		{009EF5AD-A0D2-4C26-9A44-EC13EF046D0C}.Release|Any CPU.ActiveCfg = Release|Any CPU
		{009EF5AD-A0D2-4C26-9A44-EC13EF046D0C}.Release|Any CPU.Build.0 = Release|Any CPU
		{690DC45C-2671-41C9-9600-0E5D98B78CBB}.Debug|Any CPU.ActiveCfg = Debug|Any CPU
		{690DC45C-2671-41C9-9600-0E5D98B78CBB}.Debug|Any CPU.Build.0 = Debug|Any CPU
		{690DC45C-2671-41C9-9600-0E5D98B78CBB}.Release|Any CPU.ActiveCfg = Release|Any CPU
		{690DC45C-2671-41C9-9600-0E5D98B78CBB}.Release|Any CPU.Build.0 = Release|Any CPU
		{20A26BB8-00D5-4D77-8A48-D58817C226F5}.Debug|Any CPU.ActiveCfg = Debug|Any CPU
		{20A26BB8-00D5-4D77-8A48-D58817C226F5}.Debug|Any CPU.Build.0 = Debug|Any CPU
		{20A26BB8-00D5-4D77-8A48-D58817C226F5}.Release|Any CPU.ActiveCfg = Release|Any CPU
		{20A26BB8-00D5-4D77-8A48-D58817C226F5}.Release|Any CPU.Build.0 = Release|Any CPU
		{170E8C04-92EC-4BF3-856C-3F167A082FD3}.Debug|Any CPU.ActiveCfg = Debug|Any CPU
		{170E8C04-92EC-4BF3-856C-3F167A082FD3}.Debug|Any CPU.Build.0 = Debug|Any CPU
		{170E8C04-92EC-4BF3-856C-3F167A082FD3}.Release|Any CPU.ActiveCfg = Release|Any CPU
		{170E8C04-92EC-4BF3-856C-3F167A082FD3}.Release|Any CPU.Build.0 = Release|Any CPU
		{85FDC817-3DE7-433F-85CA-15205E7835DC}.Debug|Any CPU.ActiveCfg = Debug|Any CPU
		{85FDC817-3DE7-433F-85CA-15205E7835DC}.Debug|Any CPU.Build.0 = Debug|Any CPU
		{85FDC817-3DE7-433F-85CA-15205E7835DC}.Release|Any CPU.ActiveCfg = Release|Any CPU
		{85FDC817-3DE7-433F-85CA-15205E7835DC}.Release|Any CPU.Build.0 = Release|Any CPU
	EndGlobalSection
	GlobalSection(SolutionProperties) = preSolution
		HideSolutionNode = FALSE
	EndGlobalSection
EndGlobal
